
Microsoft Visual Studio Solution File, Format Version 12.00
# Visual Studio 2012
Project("{FAE04EC0-301F-11D3-BF4B-00C04F79EFBC}") = "SyncService", "Offline\SyncService\SyncService.csproj", "{C814C416-2DAD-42FA-87A1-980725B7C7B3}"
EndProject
Project("{FAE04EC0-301F-11D3-BF4B-00C04F79EFBC}") = "SyncInterface", "Offline\SyncInterface\SyncInterface.csproj", "{5ED09160-13B8-49A2-8117-164305A77DB3}"
EndProject
Project("{2150E333-8FDC-42A3-9474-1A3956D46DE8}") = "Common", "Common", "{DE44FCFB-5633-4502-B3F4-F60FF7B39AD3}"
EndProject
Project("{FAE04EC0-301F-11D3-BF4B-00C04F79EFBC}") = "Services", "Common\Services\Services.csproj", "{4BB8A434-1ED1-4D33-AE3D-32A000D19CA5}"
EndProject
Project("{FAE04EC0-301F-11D3-BF4B-00C04F79EFBC}") = "Business", "Common\Business\Business.csproj", "{B01C6FDF-C992-4D87-B67E-41AFD677EA5F}"
EndProject
Project("{FAE04EC0-301F-11D3-BF4B-00C04F79EFBC}") = "Repositories", "Common\Repositories\Repositories.csproj", "{C8F93426-67F5-4A75-803B-34AD1C5730E5}"
EndProject
Project("{FAE04EC0-301F-11D3-BF4B-00C04F79EFBC}") = "DataAccess", "Common\DataAccess\DataAccess.csproj", "{638F46A5-C23C-452D-A1F4-D0C49EA28F5B}"
EndProject
Project("{FAE04EC0-301F-11D3-BF4B-00C04F79EFBC}") = "DomainClasses", "Common\DomainClasses\DomainClasses.csproj", "{D5BDEDE9-D397-411C-AE94-1646836406BA}"
EndProject
Project("{FAE04EC0-301F-11D3-BF4B-00C04F79EFBC}") = "Utils", "Common\Utils\Utils.csproj", "{AD1F6A1C-95B2-4274-A0C5-1F8CA9D9BB55}"
EndProject
Project("{FAE04EC0-301F-11D3-BF4B-00C04F79EFBC}") = "SyncClient", "Offline\SyncClient\SyncClient.csproj", "{998474BF-9559-4DD1-A372-9F93CFC56370}"
EndProject
Project("{FAE04EC0-301F-11D3-BF4B-00C04F79EFBC}") = "CustomUserNameBinding", "Offline\CustomUserNameBinding\CustomUserNameBinding.csproj", "{76543CD3-2B5F-4716-855F-CB97A9D89686}"
EndProject
Global
	GlobalSection(SolutionConfigurationPlatforms) = preSolution
		Debug|Any CPU = Debug|Any CPU
		Release|Any CPU = Release|Any CPU
	EndGlobalSection
	GlobalSection(ProjectConfigurationPlatforms) = postSolution
		{C814C416-2DAD-42FA-87A1-980725B7C7B3}.Debug|Any CPU.ActiveCfg = Debug|Any CPU
		{C814C416-2DAD-42FA-87A1-980725B7C7B3}.Debug|Any CPU.Build.0 = Debug|Any CPU
		{C814C416-2DAD-42FA-87A1-980725B7C7B3}.Release|Any CPU.ActiveCfg = Release|Any CPU
		{C814C416-2DAD-42FA-87A1-980725B7C7B3}.Release|Any CPU.Build.0 = Release|Any CPU
		{5ED09160-13B8-49A2-8117-164305A77DB3}.Debug|Any CPU.ActiveCfg = Debug|Any CPU
		{5ED09160-13B8-49A2-8117-164305A77DB3}.Debug|Any CPU.Build.0 = Debug|Any CPU
		{5ED09160-13B8-49A2-8117-164305A77DB3}.Release|Any CPU.ActiveCfg = Release|Any CPU
		{5ED09160-13B8-49A2-8117-164305A77DB3}.Release|Any CPU.Build.0 = Release|Any CPU
		{4BB8A434-1ED1-4D33-AE3D-32A000D19CA5}.Debug|Any CPU.ActiveCfg = Debug|Any CPU
		{4BB8A434-1ED1-4D33-AE3D-32A000D19CA5}.Debug|Any CPU.Build.0 = Debug|Any CPU
		{4BB8A434-1ED1-4D33-AE3D-32A000D19CA5}.Release|Any CPU.ActiveCfg = Release|Any CPU
		{4BB8A434-1ED1-4D33-AE3D-32A000D19CA5}.Release|Any CPU.Build.0 = Release|Any CPU
		{B01C6FDF-C992-4D87-B67E-41AFD677EA5F}.Debug|Any CPU.ActiveCfg = Debug|Any CPU
		{B01C6FDF-C992-4D87-B67E-41AFD677EA5F}.Debug|Any CPU.Build.0 = Debug|Any CPU
		{B01C6FDF-C992-4D87-B67E-41AFD677EA5F}.Release|Any CPU.ActiveCfg = Release|Any CPU
		{B01C6FDF-C992-4D87-B67E-41AFD677EA5F}.Release|Any CPU.Build.0 = Release|Any CPU
		{C8F93426-67F5-4A75-803B-34AD1C5730E5}.Debug|Any CPU.ActiveCfg = Debug|Any CPU
		{C8F93426-67F5-4A75-803B-34AD1C5730E5}.Debug|Any CPU.Build.0 = Debug|Any CPU
		{C8F93426-67F5-4A75-803B-34AD1C5730E5}.Release|Any CPU.ActiveCfg = Release|Any CPU
		{C8F93426-67F5-4A75-803B-34AD1C5730E5}.Release|Any CPU.Build.0 = Release|Any CPU
		{638F46A5-C23C-452D-A1F4-D0C49EA28F5B}.Debug|Any CPU.ActiveCfg = Debug|Any CPU
		{638F46A5-C23C-452D-A1F4-D0C49EA28F5B}.Debug|Any CPU.Build.0 = Debug|Any CPU
		{638F46A5-C23C-452D-A1F4-D0C49EA28F5B}.Release|Any CPU.ActiveCfg = Release|Any CPU
		{638F46A5-C23C-452D-A1F4-D0C49EA28F5B}.Release|Any CPU.Build.0 = Release|Any CPU
		{D5BDEDE9-D397-411C-AE94-1646836406BA}.Debug|Any CPU.ActiveCfg = Debug|Any CPU
		{D5BDEDE9-D397-411C-AE94-1646836406BA}.Debug|Any CPU.Build.0 = Debug|Any CPU
		{D5BDEDE9-D397-411C-AE94-1646836406BA}.Release|Any CPU.ActiveCfg = Release|Any CPU
		{D5BDEDE9-D397-411C-AE94-1646836406BA}.Release|Any CPU.Build.0 = Release|Any CPU
		{AD1F6A1C-95B2-4274-A0C5-1F8CA9D9BB55}.Debug|Any CPU.ActiveCfg = Debug|Any CPU
		{AD1F6A1C-95B2-4274-A0C5-1F8CA9D9BB55}.Debug|Any CPU.Build.0 = Debug|Any CPU
		{AD1F6A1C-95B2-4274-A0C5-1F8CA9D9BB55}.Release|Any CPU.ActiveCfg = Release|Any CPU
		{AD1F6A1C-95B2-4274-A0C5-1F8CA9D9BB55}.Release|Any CPU.Build.0 = Release|Any CPU
		{998474BF-9559-4DD1-A372-9F93CFC56370}.Debug|Any CPU.ActiveCfg = Debug|Any CPU
		{998474BF-9559-4DD1-A372-9F93CFC56370}.Debug|Any CPU.Build.0 = Debug|Any CPU
		{998474BF-9559-4DD1-A372-9F93CFC56370}.Release|Any CPU.ActiveCfg = Release|Any CPU
		{998474BF-9559-4DD1-A372-9F93CFC56370}.Release|Any CPU.Build.0 = Release|Any CPU
		{76543CD3-2B5F-4716-855F-CB97A9D89686}.Debug|Any CPU.ActiveCfg = Debug|Any CPU
		{76543CD3-2B5F-4716-855F-CB97A9D89686}.Debug|Any CPU.Build.0 = Debug|Any CPU
		{76543CD3-2B5F-4716-855F-CB97A9D89686}.Release|Any CPU.ActiveCfg = Release|Any CPU
		{76543CD3-2B5F-4716-855F-CB97A9D89686}.Release|Any CPU.Build.0 = Release|Any CPU
	EndGlobalSection
	GlobalSection(SolutionProperties) = preSolution
		HideSolutionNode = FALSE
	EndGlobalSection
	GlobalSection(NestedProjects) = preSolution
		{4BB8A434-1ED1-4D33-AE3D-32A000D19CA5} = {DE44FCFB-5633-4502-B3F4-F60FF7B39AD3}
		{B01C6FDF-C992-4D87-B67E-41AFD677EA5F} = {DE44FCFB-5633-4502-B3F4-F60FF7B39AD3}
		{C8F93426-67F5-4A75-803B-34AD1C5730E5} = {DE44FCFB-5633-4502-B3F4-F60FF7B39AD3}
		{638F46A5-C23C-452D-A1F4-D0C49EA28F5B} = {DE44FCFB-5633-4502-B3F4-F60FF7B39AD3}
		{D5BDEDE9-D397-411C-AE94-1646836406BA} = {DE44FCFB-5633-4502-B3F4-F60FF7B39AD3}
		{AD1F6A1C-95B2-4274-A0C5-1F8CA9D9BB55} = {DE44FCFB-5633-4502-B3F4-F60FF7B39AD3}
	EndGlobalSection
EndGlobal
