
Microsoft Visual Studio Solution File, Format Version 12.00
# Visual Studio 2012
Project("{FAE04EC0-301F-11D3-BF4B-00C04F79EFBC}") = "Etsi.Ultimate.WCF.Service", "Etsi.Ultimate.WCF.UltimateService\Etsi.Ultimate.WCF.Service.csproj", "{F4AC3CAD-15CA-4815-B971-1CF0400CE9B4}"
EndProject
Project("{FAE04EC0-301F-11D3-BF4B-00C04F79EFBC}") = "Etsi.Ultimate.WCF.Interface", "Etsi.Ultimate.WCF.Interface\Etsi.Ultimate.WCF.Interface.csproj", "{04E3E687-B60B-4499-BAFD-F8EC996E111D}"
EndProject
Project("{FAE04EC0-301F-11D3-BF4B-00C04F79EFBC}") = "Etsi.Ultimate.WCF.Setup", "Etsi.Ultimate.WCF.Setup\Etsi.Ultimate.WCF.Setup.csproj", "{DF796D4D-7BD7-49B1-BBF0-A1450976C60F}"
EndProject
Project("{FAE04EC0-301F-11D3-BF4B-00C04F79EFBC}") = "Business", "..\..\Common\Business\Business.csproj", "{B01C6FDF-C992-4D87-B67E-41AFD677EA5F}"
EndProject
Project("{FAE04EC0-301F-11D3-BF4B-00C04F79EFBC}") = "Services", "..\..\Common\Services\Services.csproj", "{4BB8A434-1ED1-4D33-AE3D-32A000D19CA5}"
EndProject
Project("{FAE04EC0-301F-11D3-BF4B-00C04F79EFBC}") = "DataAccess", "..\..\Common\DataAccess\DataAccess.csproj", "{638F46A5-C23C-452D-A1F4-D0C49EA28F5B}"
EndProject
Project("{FAE04EC0-301F-11D3-BF4B-00C04F79EFBC}") = "DomainClasses", "..\..\Common\DomainClasses\DomainClasses.csproj", "{D5BDEDE9-D397-411C-AE94-1646836406BA}"
EndProject
Project("{FAE04EC0-301F-11D3-BF4B-00C04F79EFBC}") = "Repositories", "..\..\Common\Repositories\Repositories.csproj", "{C8F93426-67F5-4A75-803B-34AD1C5730E5}"
EndProject
Project("{FAE04EC0-301F-11D3-BF4B-00C04F79EFBC}") = "Utils", "..\..\Common\Utils\Utils.csproj", "{AD1F6A1C-95B2-4274-A0C5-1F8CA9D9BB55}"
EndProject
Project("{FAE04EC0-301F-11D3-BF4B-00C04F79EFBC}") = "Utils.Core", "..\..\Common\Utils.Core\Utils.Core.csproj", "{4905E5A9-AA9B-4CC4-95E1-636B37FC27BA}"
EndProject
Project("{FAE04EC0-301F-11D3-BF4B-00C04F79EFBC}") = "Tests", "..\..\Common\Tests\Tests.csproj", "{A03F686E-BF8D-45CB-9D5E-83D13FA98823}"
EndProject
Project("{00D1A9C2-B5F0-4AF3-8072-F6C62B433612}") = "UltimateDatabase", "..\..\Database\UltimateDatabase.sqlproj", "{0AEA4F7A-10ED-4CF4-8606-ABBFE43C2D85}"
EndProject
Global
	GlobalSection(SolutionConfigurationPlatforms) = preSolution
		Debug|Any CPU = Debug|Any CPU
		Release.Dev|Any CPU = Release.Dev|Any CPU
		Release.Qa|Any CPU = Release.Qa|Any CPU
		Release|Any CPU = Release|Any CPU
	EndGlobalSection
	GlobalSection(ProjectConfigurationPlatforms) = postSolution
		{F4AC3CAD-15CA-4815-B971-1CF0400CE9B4}.Debug|Any CPU.ActiveCfg = Debug|Any CPU
		{F4AC3CAD-15CA-4815-B971-1CF0400CE9B4}.Debug|Any CPU.Build.0 = Debug|Any CPU
		{F4AC3CAD-15CA-4815-B971-1CF0400CE9B4}.Release.Dev|Any CPU.ActiveCfg = Release.Dev|Any CPU
		{F4AC3CAD-15CA-4815-B971-1CF0400CE9B4}.Release.Dev|Any CPU.Build.0 = Release.Dev|Any CPU
		{F4AC3CAD-15CA-4815-B971-1CF0400CE9B4}.Release.Qa|Any CPU.ActiveCfg = Release.Qa|Any CPU
		{F4AC3CAD-15CA-4815-B971-1CF0400CE9B4}.Release.Qa|Any CPU.Build.0 = Release.Qa|Any CPU
		{F4AC3CAD-15CA-4815-B971-1CF0400CE9B4}.Release|Any CPU.ActiveCfg = Release|Any CPU
		{F4AC3CAD-15CA-4815-B971-1CF0400CE9B4}.Release|Any CPU.Build.0 = Release|Any CPU
		{04E3E687-B60B-4499-BAFD-F8EC996E111D}.Debug|Any CPU.ActiveCfg = Debug|Any CPU
		{04E3E687-B60B-4499-BAFD-F8EC996E111D}.Debug|Any CPU.Build.0 = Debug|Any CPU
		{04E3E687-B60B-4499-BAFD-F8EC996E111D}.Release.Dev|Any CPU.ActiveCfg = Release.Dev|Any CPU
		{04E3E687-B60B-4499-BAFD-F8EC996E111D}.Release.Dev|Any CPU.Build.0 = Release.Dev|Any CPU
		{04E3E687-B60B-4499-BAFD-F8EC996E111D}.Release.Qa|Any CPU.ActiveCfg = Release.Qa|Any CPU
		{04E3E687-B60B-4499-BAFD-F8EC996E111D}.Release.Qa|Any CPU.Build.0 = Release.Qa|Any CPU
		{04E3E687-B60B-4499-BAFD-F8EC996E111D}.Release|Any CPU.ActiveCfg = Release|Any CPU
		{04E3E687-B60B-4499-BAFD-F8EC996E111D}.Release|Any CPU.Build.0 = Release|Any CPU
		{DF796D4D-7BD7-49B1-BBF0-A1450976C60F}.Debug|Any CPU.ActiveCfg = Debug|Any CPU
		{DF796D4D-7BD7-49B1-BBF0-A1450976C60F}.Debug|Any CPU.Build.0 = Debug|Any CPU
		{DF796D4D-7BD7-49B1-BBF0-A1450976C60F}.Release.Dev|Any CPU.ActiveCfg = Release.Dev|Any CPU
		{DF796D4D-7BD7-49B1-BBF0-A1450976C60F}.Release.Dev|Any CPU.Build.0 = Release.Dev|Any CPU
		{DF796D4D-7BD7-49B1-BBF0-A1450976C60F}.Release.Qa|Any CPU.ActiveCfg = Release.Qa|Any CPU
		{DF796D4D-7BD7-49B1-BBF0-A1450976C60F}.Release.Qa|Any CPU.Build.0 = Release.Qa|Any CPU
		{DF796D4D-7BD7-49B1-BBF0-A1450976C60F}.Release|Any CPU.ActiveCfg = Release|Any CPU
		{DF796D4D-7BD7-49B1-BBF0-A1450976C60F}.Release|Any CPU.Build.0 = Release|Any CPU
		{B01C6FDF-C992-4D87-B67E-41AFD677EA5F}.Debug|Any CPU.ActiveCfg = Debug|Any CPU
		{B01C6FDF-C992-4D87-B67E-41AFD677EA5F}.Debug|Any CPU.Build.0 = Debug|Any CPU
		{B01C6FDF-C992-4D87-B67E-41AFD677EA5F}.Release.Dev|Any CPU.ActiveCfg = Release.Dev|Any CPU
		{B01C6FDF-C992-4D87-B67E-41AFD677EA5F}.Release.Dev|Any CPU.Build.0 = Release.Dev|Any CPU
		{B01C6FDF-C992-4D87-B67E-41AFD677EA5F}.Release.Qa|Any CPU.ActiveCfg = Release.Qa|Any CPU
		{B01C6FDF-C992-4D87-B67E-41AFD677EA5F}.Release.Qa|Any CPU.Build.0 = Release.Qa|Any CPU
		{B01C6FDF-C992-4D87-B67E-41AFD677EA5F}.Release|Any CPU.ActiveCfg = Release|Any CPU
		{B01C6FDF-C992-4D87-B67E-41AFD677EA5F}.Release|Any CPU.Build.0 = Release|Any CPU
		{4BB8A434-1ED1-4D33-AE3D-32A000D19CA5}.Debug|Any CPU.ActiveCfg = Debug|Any CPU
		{4BB8A434-1ED1-4D33-AE3D-32A000D19CA5}.Debug|Any CPU.Build.0 = Debug|Any CPU
		{4BB8A434-1ED1-4D33-AE3D-32A000D19CA5}.Release.Dev|Any CPU.ActiveCfg = Release.Dev|Any CPU
		{4BB8A434-1ED1-4D33-AE3D-32A000D19CA5}.Release.Dev|Any CPU.Build.0 = Release.Dev|Any CPU
		{4BB8A434-1ED1-4D33-AE3D-32A000D19CA5}.Release.Qa|Any CPU.ActiveCfg = Release.Qa|Any CPU
		{4BB8A434-1ED1-4D33-AE3D-32A000D19CA5}.Release.Qa|Any CPU.Build.0 = Release.Qa|Any CPU
		{4BB8A434-1ED1-4D33-AE3D-32A000D19CA5}.Release|Any CPU.ActiveCfg = Release|Any CPU
		{4BB8A434-1ED1-4D33-AE3D-32A000D19CA5}.Release|Any CPU.Build.0 = Release|Any CPU
		{638F46A5-C23C-452D-A1F4-D0C49EA28F5B}.Debug|Any CPU.ActiveCfg = Debug|Any CPU
		{638F46A5-C23C-452D-A1F4-D0C49EA28F5B}.Debug|Any CPU.Build.0 = Debug|Any CPU
		{638F46A5-C23C-452D-A1F4-D0C49EA28F5B}.Release.Dev|Any CPU.ActiveCfg = Release.Dev|Any CPU
		{638F46A5-C23C-452D-A1F4-D0C49EA28F5B}.Release.Dev|Any CPU.Build.0 = Release.Dev|Any CPU
		{638F46A5-C23C-452D-A1F4-D0C49EA28F5B}.Release.Qa|Any CPU.ActiveCfg = Release.Qa|Any CPU
		{638F46A5-C23C-452D-A1F4-D0C49EA28F5B}.Release.Qa|Any CPU.Build.0 = Release.Qa|Any CPU
		{638F46A5-C23C-452D-A1F4-D0C49EA28F5B}.Release|Any CPU.ActiveCfg = Release|Any CPU
		{638F46A5-C23C-452D-A1F4-D0C49EA28F5B}.Release|Any CPU.Build.0 = Release|Any CPU
		{D5BDEDE9-D397-411C-AE94-1646836406BA}.Debug|Any CPU.ActiveCfg = Debug|Any CPU
		{D5BDEDE9-D397-411C-AE94-1646836406BA}.Debug|Any CPU.Build.0 = Debug|Any CPU
		{D5BDEDE9-D397-411C-AE94-1646836406BA}.Release.Dev|Any CPU.ActiveCfg = Release.Dev|Any CPU
		{D5BDEDE9-D397-411C-AE94-1646836406BA}.Release.Dev|Any CPU.Build.0 = Release.Dev|Any CPU
		{D5BDEDE9-D397-411C-AE94-1646836406BA}.Release.Qa|Any CPU.ActiveCfg = Release.Qa|Any CPU
		{D5BDEDE9-D397-411C-AE94-1646836406BA}.Release.Qa|Any CPU.Build.0 = Release.Qa|Any CPU
		{D5BDEDE9-D397-411C-AE94-1646836406BA}.Release|Any CPU.ActiveCfg = Release|Any CPU
		{D5BDEDE9-D397-411C-AE94-1646836406BA}.Release|Any CPU.Build.0 = Release|Any CPU
		{C8F93426-67F5-4A75-803B-34AD1C5730E5}.Debug|Any CPU.ActiveCfg = Debug|Any CPU
		{C8F93426-67F5-4A75-803B-34AD1C5730E5}.Debug|Any CPU.Build.0 = Debug|Any CPU
		{C8F93426-67F5-4A75-803B-34AD1C5730E5}.Release.Dev|Any CPU.ActiveCfg = Release.Dev|Any CPU
		{C8F93426-67F5-4A75-803B-34AD1C5730E5}.Release.Dev|Any CPU.Build.0 = Release.Dev|Any CPU
		{C8F93426-67F5-4A75-803B-34AD1C5730E5}.Release.Qa|Any CPU.ActiveCfg = Release.Qa|Any CPU
		{C8F93426-67F5-4A75-803B-34AD1C5730E5}.Release.Qa|Any CPU.Build.0 = Release.Qa|Any CPU
		{C8F93426-67F5-4A75-803B-34AD1C5730E5}.Release|Any CPU.ActiveCfg = Release|Any CPU
		{C8F93426-67F5-4A75-803B-34AD1C5730E5}.Release|Any CPU.Build.0 = Release|Any CPU
		{AD1F6A1C-95B2-4274-A0C5-1F8CA9D9BB55}.Debug|Any CPU.ActiveCfg = Debug|Any CPU
		{AD1F6A1C-95B2-4274-A0C5-1F8CA9D9BB55}.Debug|Any CPU.Build.0 = Debug|Any CPU
		{AD1F6A1C-95B2-4274-A0C5-1F8CA9D9BB55}.Release.Dev|Any CPU.ActiveCfg = Release.Dev|Any CPU
		{AD1F6A1C-95B2-4274-A0C5-1F8CA9D9BB55}.Release.Dev|Any CPU.Build.0 = Release.Dev|Any CPU
		{AD1F6A1C-95B2-4274-A0C5-1F8CA9D9BB55}.Release.Qa|Any CPU.ActiveCfg = Release.Qa|Any CPU
		{AD1F6A1C-95B2-4274-A0C5-1F8CA9D9BB55}.Release.Qa|Any CPU.Build.0 = Release.Qa|Any CPU
		{AD1F6A1C-95B2-4274-A0C5-1F8CA9D9BB55}.Release|Any CPU.ActiveCfg = Release|Any CPU
		{AD1F6A1C-95B2-4274-A0C5-1F8CA9D9BB55}.Release|Any CPU.Build.0 = Release|Any CPU
		{4905E5A9-AA9B-4CC4-95E1-636B37FC27BA}.Debug|Any CPU.ActiveCfg = Debug|Any CPU
		{4905E5A9-AA9B-4CC4-95E1-636B37FC27BA}.Debug|Any CPU.Build.0 = Debug|Any CPU
		{4905E5A9-AA9B-4CC4-95E1-636B37FC27BA}.Release.Dev|Any CPU.ActiveCfg = Release.Dev|Any CPU
		{4905E5A9-AA9B-4CC4-95E1-636B37FC27BA}.Release.Dev|Any CPU.Build.0 = Release.Dev|Any CPU
		{4905E5A9-AA9B-4CC4-95E1-636B37FC27BA}.Release.Qa|Any CPU.ActiveCfg = Release.Qa|Any CPU
		{4905E5A9-AA9B-4CC4-95E1-636B37FC27BA}.Release.Qa|Any CPU.Build.0 = Release.Qa|Any CPU
		{4905E5A9-AA9B-4CC4-95E1-636B37FC27BA}.Release|Any CPU.ActiveCfg = Release|Any CPU
		{4905E5A9-AA9B-4CC4-95E1-636B37FC27BA}.Release|Any CPU.Build.0 = Release|Any CPU
		{A03F686E-BF8D-45CB-9D5E-83D13FA98823}.Debug|Any CPU.ActiveCfg = Debug|Any CPU
		{A03F686E-BF8D-45CB-9D5E-83D13FA98823}.Debug|Any CPU.Build.0 = Debug|Any CPU
		{A03F686E-BF8D-45CB-9D5E-83D13FA98823}.Release.Dev|Any CPU.ActiveCfg = Release.Dev|Any CPU
		{A03F686E-BF8D-45CB-9D5E-83D13FA98823}.Release.Dev|Any CPU.Build.0 = Release.Dev|Any CPU
		{A03F686E-BF8D-45CB-9D5E-83D13FA98823}.Release.Qa|Any CPU.ActiveCfg = Release.Qa|Any CPU
		{A03F686E-BF8D-45CB-9D5E-83D13FA98823}.Release.Qa|Any CPU.Build.0 = Release.Qa|Any CPU
		{A03F686E-BF8D-45CB-9D5E-83D13FA98823}.Release|Any CPU.ActiveCfg = Release|Any CPU
		{A03F686E-BF8D-45CB-9D5E-83D13FA98823}.Release|Any CPU.Build.0 = Release|Any CPU
		{0AEA4F7A-10ED-4CF4-8606-ABBFE43C2D85}.Debug|Any CPU.ActiveCfg = Debug|Any CPU
		{0AEA4F7A-10ED-4CF4-8606-ABBFE43C2D85}.Debug|Any CPU.Build.0 = Debug|Any CPU
		{0AEA4F7A-10ED-4CF4-8606-ABBFE43C2D85}.Debug|Any CPU.Deploy.0 = Debug|Any CPU
		{0AEA4F7A-10ED-4CF4-8606-ABBFE43C2D85}.Release.Dev|Any CPU.ActiveCfg = Release.Dev|Any CPU
		{0AEA4F7A-10ED-4CF4-8606-ABBFE43C2D85}.Release.Dev|Any CPU.Build.0 = Release.Dev|Any CPU
		{0AEA4F7A-10ED-4CF4-8606-ABBFE43C2D85}.Release.Dev|Any CPU.Deploy.0 = Release.Dev|Any CPU
		{0AEA4F7A-10ED-4CF4-8606-ABBFE43C2D85}.Release.Qa|Any CPU.ActiveCfg = Release.Qa|Any CPU
		{0AEA4F7A-10ED-4CF4-8606-ABBFE43C2D85}.Release.Qa|Any CPU.Build.0 = Release.Qa|Any CPU
		{0AEA4F7A-10ED-4CF4-8606-ABBFE43C2D85}.Release.Qa|Any CPU.Deploy.0 = Release.Qa|Any CPU
		{0AEA4F7A-10ED-4CF4-8606-ABBFE43C2D85}.Release|Any CPU.ActiveCfg = Release|Any CPU
		{0AEA4F7A-10ED-4CF4-8606-ABBFE43C2D85}.Release|Any CPU.Build.0 = Release|Any CPU
		{0AEA4F7A-10ED-4CF4-8606-ABBFE43C2D85}.Release|Any CPU.Deploy.0 = Release|Any CPU
	EndGlobalSection
	GlobalSection(SolutionProperties) = preSolution
		HideSolutionNode = FALSE
	EndGlobalSection
EndGlobal
