
Microsoft Visual Studio Solution File, Format Version 12.00
# Visual Studio 2012
Project("{FAE04EC0-301F-11D3-BF4B-00C04F79EFBC}") = "Etsi.Ultimate.WCF.Service", "Etsi.Ultimate.WCF.UltimateService\Etsi.Ultimate.WCF.Service.csproj", "{F4AC3CAD-15CA-4815-B971-1CF0400CE9B4}"
EndProject
Project("{FAE04EC0-301F-11D3-BF4B-00C04F79EFBC}") = "Etsi.Ultimate.WCF.Interface", "Etsi.Ultimate.WCF.Interface\Etsi.Ultimate.WCF.Interface.csproj", "{04E3E687-B60B-4499-BAFD-F8EC996E111D}"
EndProject
Project("{FAE04EC0-301F-11D3-BF4B-00C04F79EFBC}") = "Etsi.Ultimate.WCF.Setup", "Etsi.Ultimate.WCF.Setup\Etsi.Ultimate.WCF.Setup.csproj", "{DF796D4D-7BD7-49B1-BBF0-A1450976C60F}"
EndProject
Global
	GlobalSection(SolutionConfigurationPlatforms) = preSolution
		Debug|Any CPU = Debug|Any CPU
		Release|Any CPU = Release|Any CPU
	EndGlobalSection
	GlobalSection(ProjectConfigurationPlatforms) = postSolution
		{F4AC3CAD-15CA-4815-B971-1CF0400CE9B4}.Debug|Any CPU.ActiveCfg = Debug|Any CPU
		{F4AC3CAD-15CA-4815-B971-1CF0400CE9B4}.Debug|Any CPU.Build.0 = Debug|Any CPU
		{F4AC3CAD-15CA-4815-B971-1CF0400CE9B4}.Release|Any CPU.ActiveCfg = Release|Any CPU
		{F4AC3CAD-15CA-4815-B971-1CF0400CE9B4}.Release|Any CPU.Build.0 = Release|Any CPU
		{04E3E687-B60B-4499-BAFD-F8EC996E111D}.Debug|Any CPU.ActiveCfg = Debug|Any CPU
		{04E3E687-B60B-4499-BAFD-F8EC996E111D}.Debug|Any CPU.Build.0 = Debug|Any CPU
		{04E3E687-B60B-4499-BAFD-F8EC996E111D}.Release|Any CPU.ActiveCfg = Release|Any CPU
		{04E3E687-B60B-4499-BAFD-F8EC996E111D}.Release|Any CPU.Build.0 = Release|Any CPU
		{DF796D4D-7BD7-49B1-BBF0-A1450976C60F}.Debug|Any CPU.ActiveCfg = Debug|Any CPU
		{DF796D4D-7BD7-49B1-BBF0-A1450976C60F}.Debug|Any CPU.Build.0 = Debug|Any CPU
		{DF796D4D-7BD7-49B1-BBF0-A1450976C60F}.Release|Any CPU.ActiveCfg = Release|Any CPU
		{DF796D4D-7BD7-49B1-BBF0-A1450976C60F}.Release|Any CPU.Build.0 = Release|Any CPU
	EndGlobalSection
	GlobalSection(SolutionProperties) = preSolution
		HideSolutionNode = FALSE
	EndGlobalSection
EndGlobal
